// !$*UTF8*$!
{
	archiveVersion = 1;
	classes = {
	};
	objectVersion = 46;
	objects = {

/* Begin PBXBuildFile section */
		7A12F5D21D75BE57008E2291 /* RegistrationViewController.m in Sources */ = {isa = PBXBuildFile; fileRef = 7A12F5D11D75BE57008E2291 /* RegistrationViewController.m */; };
		7A12F5D61D75C26F008E2291 /* EnterViewController.m in Sources */ = {isa = PBXBuildFile; fileRef = 7A12F5D51D75C26F008E2291 /* EnterViewController.m */; };
		7A12F5D81D75CBEF008E2291 /* LocalAuthentication.framework in Frameworks */ = {isa = PBXBuildFile; fileRef = 7A12F5D71D75CBEF008E2291 /* LocalAuthentication.framework */; };
		9077BDAE1D74467400E28A3B /* main.m in Sources */ = {isa = PBXBuildFile; fileRef = 9077BDAD1D74467400E28A3B /* main.m */; };
		9077BDB11D74467400E28A3B /* AppDelegate.m in Sources */ = {isa = PBXBuildFile; fileRef = 9077BDB01D74467400E28A3B /* AppDelegate.m */; };
		9077BDB41D74467400E28A3B /* ViewController.m in Sources */ = {isa = PBXBuildFile; fileRef = 9077BDB31D74467400E28A3B /* ViewController.m */; };
		9077BDB71D74467400E28A3B /* Main.storyboard in Resources */ = {isa = PBXBuildFile; fileRef = 9077BDB51D74467400E28A3B /* Main.storyboard */; };
		9077BDB91D74467400E28A3B /* Assets.xcassets in Resources */ = {isa = PBXBuildFile; fileRef = 9077BDB81D74467400E28A3B /* Assets.xcassets */; };
		9077BDBC1D74467400E28A3B /* LaunchScreen.storyboard in Resources */ = {isa = PBXBuildFile; fileRef = 9077BDBA1D74467400E28A3B /* LaunchScreen.storyboard */; };
/* End PBXBuildFile section */

/* Begin PBXFileReference section */
		7A12F5D01D75BE57008E2291 /* RegistrationViewController.h */ = {isa = PBXFileReference; fileEncoding = 4; lastKnownFileType = sourcecode.c.h; path = RegistrationViewController.h; sourceTree = "<group>"; };
		7A12F5D11D75BE57008E2291 /* RegistrationViewController.m */ = {isa = PBXFileReference; fileEncoding = 4; lastKnownFileType = sourcecode.c.objc; path = RegistrationViewController.m; sourceTree = "<group>"; };
		7A12F5D31D75BED4008E2291 /* Constants.h */ = {isa = PBXFileReference; lastKnownFileType = sourcecode.c.h; path = Constants.h; sourceTree = "<group>"; };
		7A12F5D41D75C26F008E2291 /* EnterViewController.h */ = {isa = PBXFileReference; fileEncoding = 4; lastKnownFileType = sourcecode.c.h; path = EnterViewController.h; sourceTree = "<group>"; };
		7A12F5D51D75C26F008E2291 /* EnterViewController.m */ = {isa = PBXFileReference; fileEncoding = 4; lastKnownFileType = sourcecode.c.objc; path = EnterViewController.m; sourceTree = "<group>"; };
		7A12F5D71D75CBEF008E2291 /* LocalAuthentication.framework */ = {isa = PBXFileReference; lastKnownFileType = wrapper.framework; name = LocalAuthentication.framework; path = System/Library/Frameworks/LocalAuthentication.framework; sourceTree = SDKROOT; };
		9077BDA91D74467400E28A3B /* objC_test_touchID_settings.app */ = {isa = PBXFileReference; explicitFileType = wrapper.application; includeInIndex = 0; path = objC_test_touchID_settings.app; sourceTree = BUILT_PRODUCTS_DIR; };
		9077BDAD1D74467400E28A3B /* main.m */ = {isa = PBXFileReference; lastKnownFileType = sourcecode.c.objc; path = main.m; sourceTree = "<group>"; };
		9077BDAF1D74467400E28A3B /* AppDelegate.h */ = {isa = PBXFileReference; lastKnownFileType = sourcecode.c.h; path = AppDelegate.h; sourceTree = "<group>"; };
		9077BDB01D74467400E28A3B /* AppDelegate.m */ = {isa = PBXFileReference; lastKnownFileType = sourcecode.c.objc; path = AppDelegate.m; sourceTree = "<group>"; };
		9077BDB21D74467400E28A3B /* ViewController.h */ = {isa = PBXFileReference; lastKnownFileType = sourcecode.c.h; path = ViewController.h; sourceTree = "<group>"; };
		9077BDB31D74467400E28A3B /* ViewController.m */ = {isa = PBXFileReference; lastKnownFileType = sourcecode.c.objc; path = ViewController.m; sourceTree = "<group>"; };
		9077BDB61D74467400E28A3B /* Base */ = {isa = PBXFileReference; lastKnownFileType = file.storyboard; name = Base; path = Base.lproj/Main.storyboard; sourceTree = "<group>"; };
		9077BDB81D74467400E28A3B /* Assets.xcassets */ = {isa = PBXFileReference; lastKnownFileType = folder.assetcatalog; path = Assets.xcassets; sourceTree = "<group>"; };
		9077BDBB1D74467400E28A3B /* Base */ = {isa = PBXFileReference; lastKnownFileType = file.storyboard; name = Base; path = Base.lproj/LaunchScreen.storyboard; sourceTree = "<group>"; };
		9077BDBD1D74467400E28A3B /* Info.plist */ = {isa = PBXFileReference; lastKnownFileType = text.plist.xml; path = Info.plist; sourceTree = "<group>"; };
/* End PBXFileReference section */

/* Begin PBXFrameworksBuildPhase section */
		9077BDA61D74467400E28A3B /* Frameworks */ = {
			isa = PBXFrameworksBuildPhase;
			buildActionMask = 2147483647;
			files = (
				7A12F5D81D75CBEF008E2291 /* LocalAuthentication.framework in Frameworks */,
			);
			runOnlyForDeploymentPostprocessing = 0;
		};
/* End PBXFrameworksBuildPhase section */

/* Begin PBXGroup section */
		9077BDA01D74467400E28A3B = {
			isa = PBXGroup;
			children = (
				7A12F5D71D75CBEF008E2291 /* LocalAuthentication.framework */,
				9077BDAB1D74467400E28A3B /* objC_test_touchID_settings */,
				9077BDAA1D74467400E28A3B /* Products */,
			);
			sourceTree = "<group>";
		};
		9077BDAA1D74467400E28A3B /* Products */ = {
			isa = PBXGroup;
			children = (
				9077BDA91D74467400E28A3B /* objC_test_touchID_settings.app */,
			);
			name = Products;
			sourceTree = "<group>";
		};
		9077BDAB1D74467400E28A3B /* objC_test_touchID_settings */ = {
			isa = PBXGroup;
			children = (
				7A12F5D31D75BED4008E2291 /* Constants.h */,
				9077BDAF1D74467400E28A3B /* AppDelegate.h */,
				9077BDB01D74467400E28A3B /* AppDelegate.m */,
				9077BDB21D74467400E28A3B /* ViewController.h */,
				9077BDB31D74467400E28A3B /* ViewController.m */,
				7A12F5D01D75BE57008E2291 /* RegistrationViewController.h */,
				7A12F5D11D75BE57008E2291 /* RegistrationViewController.m */,
				7A12F5D41D75C26F008E2291 /* EnterViewController.h */,
				7A12F5D51D75C26F008E2291 /* EnterViewController.m */,
				9077BDB51D74467400E28A3B /* Main.storyboard */,
				9077BDB81D74467400E28A3B /* Assets.xcassets */,
				9077BDBA1D74467400E28A3B /* LaunchScreen.storyboard */,
				9077BDBD1D74467400E28A3B /* Info.plist */,
				9077BDAC1D74467400E28A3B /* Supporting Files */,
			);
			path = objC_test_touchID_settings;
			sourceTree = "<group>";
		};
		9077BDAC1D74467400E28A3B /* Supporting Files */ = {
			isa = PBXGroup;
			children = (
				9077BDAD1D74467400E28A3B /* main.m */,
			);
			name = "Supporting Files";
			sourceTree = "<group>";
		};
/* End PBXGroup section */

/* Begin PBXNativeTarget section */
		9077BDA81D74467400E28A3B /* objC_test_touchID_settings */ = {
			isa = PBXNativeTarget;
			buildConfigurationList = 9077BDC01D74467400E28A3B /* Build configuration list for PBXNativeTarget "objC_test_touchID_settings" */;
			buildPhases = (
				9077BDA51D74467400E28A3B /* Sources */,
				9077BDA61D74467400E28A3B /* Frameworks */,
				9077BDA71D74467400E28A3B /* Resources */,
			);
			buildRules = (
			);
			dependencies = (
			);
			name = objC_test_touchID_settings;
			productName = objC_test_touchID_settings;
			productReference = 9077BDA91D74467400E28A3B /* objC_test_touchID_settings.app */;
			productType = "com.apple.product-type.application";
		};
/* End PBXNativeTarget section */

/* Begin PBXProject section */
		9077BDA11D74467400E28A3B /* Project object */ = {
			isa = PBXProject;
			attributes = {
				LastUpgradeCheck = 0730;
				ORGANIZATIONNAME = "E-legion";
				TargetAttributes = {
					9077BDA81D74467400E28A3B = {
						CreatedOnToolsVersion = 7.3.1;
						DevelopmentTeam = UGFFRZX2C8;
					};
				};
			};
			buildConfigurationList = 9077BDA41D74467400E28A3B /* Build configuration list for PBXProject "objC_test_touchID_settings" */;
			compatibilityVersion = "Xcode 3.2";
			developmentRegion = English;
			hasScannedForEncodings = 0;
			knownRegions = (
				en,
				Base,
			);
			mainGroup = 9077BDA01D74467400E28A3B;
			productRefGroup = 9077BDAA1D74467400E28A3B /* Products */;
			projectDirPath = "";
			projectRoot = "";
			targets = (
				9077BDA81D74467400E28A3B /* objC_test_touchID_settings */,
			);
		};
/* End PBXProject section */

/* Begin PBXResourcesBuildPhase section */
		9077BDA71D74467400E28A3B /* Resources */ = {
			isa = PBXResourcesBuildPhase;
			buildActionMask = 2147483647;
			files = (
				9077BDBC1D74467400E28A3B /* LaunchScreen.storyboard in Resources */,
				9077BDB91D74467400E28A3B /* Assets.xcassets in Resources */,
				9077BDB71D74467400E28A3B /* Main.storyboard in Resources */,
			);
			runOnlyForDeploymentPostprocessing = 0;
		};
/* End PBXResourcesBuildPhase section */

/* Begin PBXSourcesBuildPhase section */
		9077BDA51D74467400E28A3B /* Sources */ = {
			isa = PBXSourcesBuildPhase;
			buildActionMask = 2147483647;
			files = (
				9077BDB41D74467400E28A3B /* ViewController.m in Sources */,
				7A12F5D21D75BE57008E2291 /* RegistrationViewController.m in Sources */,
				9077BDB11D74467400E28A3B /* AppDelegate.m in Sources */,
				7A12F5D61D75C26F008E2291 /* EnterViewController.m in Sources */,
				9077BDAE1D74467400E28A3B /* main.m in Sources */,
			);
			runOnlyForDeploymentPostprocessing = 0;
		};
/* End PBXSourcesBuildPhase section */

/* Begin PBXVariantGroup section */
		9077BDB51D74467400E28A3B /* Main.storyboard */ = {
			isa = PBXVariantGroup;
			children = (
				9077BDB61D74467400E28A3B /* Base */,
			);
			name = Main.storyboard;
			sourceTree = "<group>";
		};
		9077BDBA1D74467400E28A3B /* LaunchScreen.storyboard */ = {
			isa = PBXVariantGroup;
			children = (
				9077BDBB1D74467400E28A3B /* Base */,
			);
			name = LaunchScreen.storyboard;
			sourceTree = "<group>";
		};
/* End PBXVariantGroup section */

/* Begin XCBuildConfiguration section */
		9077BDBE1D74467400E28A3B /* Debug */ = {
			isa = XCBuildConfiguration;
			buildSettings = {
				ALWAYS_SEARCH_USER_PATHS = NO;
				CLANG_ANALYZER_NONNULL = YES;
				CLANG_CXX_LANGUAGE_STANDARD = "gnu++0x";
				CLANG_CXX_LIBRARY = "libc++";
				CLANG_ENABLE_MODULES = YES;
				CLANG_ENABLE_OBJC_ARC = YES;
				CLANG_WARN_BOOL_CONVERSION = YES;
				CLANG_WARN_CONSTANT_CONVERSION = YES;
				CLANG_WARN_DIRECT_OBJC_ISA_USAGE = YES_ERROR;
				CLANG_WARN_EMPTY_BODY = YES;
				CLANG_WARN_ENUM_CONVERSION = YES;
				CLANG_WARN_INT_CONVERSION = YES;
				CLANG_WARN_OBJC_ROOT_CLASS = YES_ERROR;
				CLANG_WARN_UNREACHABLE_CODE = YES;
				CLANG_WARN__DUPLICATE_METHOD_MATCH = YES;
				"CODE_SIGN_IDENTITY[sdk=iphoneos*]" = "iPhone Developer";
				COPY_PHASE_STRIP = NO;
				DEBUG_INFORMATION_FORMAT = dwarf;
				ENABLE_STRICT_OBJC_MSGSEND = YES;
				ENABLE_TESTABILITY = YES;
				GCC_C_LANGUAGE_STANDARD = gnu99;
				GCC_DYNAMIC_NO_PIC = NO;
				GCC_NO_COMMON_BLOCKS = YES;
				GCC_OPTIMIZATION_LEVEL = 0;
				GCC_PREPROCESSOR_DEFINITIONS = (
					"DEBUG=1",
					"$(inherited)",
				);
				GCC_WARN_64_TO_32_BIT_CONVERSION = YES;
				GCC_WARN_ABOUT_RETURN_TYPE = YES_ERROR;
				GCC_WARN_UNDECLARED_SELECTOR = YES;
				GCC_WARN_UNINITIALIZED_AUTOS = YES_AGGRESSIVE;
				GCC_WARN_UNUSED_FUNCTION = YES;
				GCC_WARN_UNUSED_VARIABLE = YES;
				IPHONEOS_DEPLOYMENT_TARGET = 9.3;
				MTL_ENABLE_DEBUG_INFO = YES;
				ONLY_ACTIVE_ARCH = YES;
				SDKROOT = iphoneos;
				TARGETED_DEVICE_FAMILY = "1,2";
			};
			name = Debug;
		};
		9077BDBF1D74467400E28A3B /* Release */ = {
			isa = XCBuildConfiguration;
			buildSettings = {
				ALWAYS_SEARCH_USER_PATHS = NO;
				CLANG_ANALYZER_NONNULL = YES;
				CLANG_CXX_LANGUAGE_STANDARD = "gnu++0x";
				CLANG_CXX_LIBRARY = "libc++";
				CLANG_ENABLE_MODULES = YES;
				CLANG_ENABLE_OBJC_ARC = YES;
				CLANG_WARN_BOOL_CONVERSION = YES;
				CLANG_WARN_CONSTANT_CONVERSION = YES;
				CLANG_WARN_DIRECT_OBJC_ISA_USAGE = YES_ERROR;
				CLANG_WARN_EMPTY_BODY = YES;
				CLANG_WARN_ENUM_CONVERSION = YES;
				CLANG_WARN_INT_CONVERSION = YES;
				CLANG_WARN_OBJC_ROOT_CLASS = YES_ERROR;
				CLANG_WARN_UNREACHABLE_CODE = YES;
				CLANG_WARN__DUPLICATE_METHOD_MATCH = YES;
				"CODE_SIGN_IDENTITY[sdk=iphoneos*]" = "iPhone Developer";
				COPY_PHASE_STRIP = NO;
				DEBUG_INFORMATION_FORMAT = "dwarf-with-dsym";
				ENABLE_NS_ASSERTIONS = NO;
				ENABLE_STRICT_OBJC_MSGSEND = YES;
				GCC_C_LANGUAGE_STANDARD = gnu99;
				GCC_NO_COMMON_BLOCKS = YES;
				GCC_WARN_64_TO_32_BIT_CONVERSION = YES;
				GCC_WARN_ABOUT_RETURN_TYPE = YES_ERROR;
				GCC_WARN_UNDECLARED_SELECTOR = YES;
				GCC_WARN_UNINITIALIZED_AUTOS = YES_AGGRESSIVE;
				GCC_WARN_UNUSED_FUNCTION = YES;
				GCC_WARN_UNUSED_VARIABLE = YES;
				IPHONEOS_DEPLOYMENT_TARGET = 9.3;
				MTL_ENABLE_DEBUG_INFO = NO;
				SDKROOT = iphoneos;
				TARGETED_DEVICE_FAMILY = "1,2";
				VALIDATE_PRODUCT = YES;
			};
			name = Release;
		};
		9077BDC11D74467400E28A3B /* Debug */ = {
			isa = XCBuildConfiguration;
			buildSettings = {
				ASSETCATALOG_COMPILER_APPICON_NAME = AppIcon;
				CODE_SIGN_IDENTITY = "iPhone Developer";
				INFOPLIST_FILE = objC_test_touchID_settings/Info.plist;
				IPHONEOS_DEPLOYMENT_TARGET = 8.0;
				LD_RUNPATH_SEARCH_PATHS = "$(inherited) @executable_path/Frameworks";
				PRODUCT_BUNDLE_IDENTIFIER = "com.e-zhurov.objC-test-touchID-settings";
				PRODUCT_NAME = "$(TARGET_NAME)";
			};
			name = Debug;
		};
		9077BDC21D74467400E28A3B /* Release */ = {
			isa = XCBuildConfiguration;
			buildSettings = {
				ASSETCATALOG_COMPILER_APPICON_NAME = AppIcon;
				CODE_SIGN_IDENTITY = "iPhone Developer";
				INFOPLIST_FILE = objC_test_touchID_settings/Info.plist;
				IPHONEOS_DEPLOYMENT_TARGET = 8.0;
				LD_RUNPATH_SEARCH_PATHS = "$(inherited) @executable_path/Frameworks";
				PRODUCT_BUNDLE_IDENTIFIER = "com.e-zhurov.objC-test-touchID-settings";
				PRODUCT_NAME = "$(TARGET_NAME)";
			};
			name = Release;
		};
/* End XCBuildConfiguration section */

/* Begin XCConfigurationList section */
		9077BDA41D74467400E28A3B /* Build configuration list for PBXProject "objC_test_touchID_settings" */ = {
			isa = XCConfigurationList;
			buildConfigurations = (
				9077BDBE1D74467400E28A3B /* Debug */,
				9077BDBF1D74467400E28A3B /* Release */,
			);
			defaultConfigurationIsVisible = 0;
			defaultConfigurationName = Release;
		};
		9077BDC01D74467400E28A3B /* Build configuration list for PBXNativeTarget "objC_test_touchID_settings" */ = {
			isa = XCConfigurationList;
			buildConfigurations = (
				9077BDC11D74467400E28A3B /* Debug */,
				9077BDC21D74467400E28A3B /* Release */,
			);
			defaultConfigurationIsVisible = 0;
			defaultConfigurationName = Release;
		};
/* End XCConfigurationList section */
	};
	rootObject = 9077BDA11D74467400E28A3B /* Project object */;
}
